{
  "name": "@generationtux/prettier-config",
  "version": "1.0.0",
  "lockfileVersion": 1,
  "requires": true,
  "dependencies": {
    "lodash.unescape": {
      "version": "4.0.1",
      "resolved": "https://registry.npmjs.org/lodash.unescape/-/lodash.unescape-4.0.1.tgz",
      "integrity": "sha1-vyJJiGzlFM2hEvrpIYzcBlIR/Jw="
    },
    "semver": {
      "version": "5.5.0",
      "resolved": "https://registry.npmjs.org/semver/-/semver-5.5.0.tgz",
      "integrity": "sha512-4SJ3dm0WAwWy/NVeioZh5AntkdJoWKxHxcmyP622fOkgHa4z3R0TdBJICINyaSDE6uNwVc8gZr+ZinwZAH4xIA=="
    },
    "typescript-eslint-parser": {
      "version": "14.0.0",
      "resolved": "https://registry.npmjs.org/typescript-eslint-parser/-/typescript-eslint-parser-14.0.0.tgz",
      "integrity": "sha512-xDvhgZX08RRKSyz8oWXI/V9gjXelh4/a9jGFmmHnn/j/GMXKOQ6E6NAGVjQSvGBrjT/TMobKqsrxnBcVr4sfIw==",
      "requires": {
        "lodash.unescape": "4.0.1",
        "semver": "5.5.0"
      }
    }
  }
}
